{
  "version": 4,
  "terraform_version": "0.13.2",
  "serial": 23,
  "lineage": "27a78f62-83cc-b5da-3ab9-8b1c8518ca00",
  "outputs": {
    "function_name": {
      "value": "GreetLambda",
      "type": "string"
    }
  },
  "resources": [
    {
      "mode": "data",
      "type": "archive_file",
      "name": "lambda_greet",
      "provider": "provider[\"registry.terraform.io/hashicorp/archive\"]",
      "instances": [
        {
          "schema_version": 0,
          "attributes": {
            "excludes": null,
            "id": "17a4ede4a2eba34872fb6fd880451c3b96d56786",
            "output_base64sha256": "ur916JfwgSrixzE3Q+9AcUAF7pR3R8nnnaieTSu/ooI=",
            "output_file_mode": null,
            "output_md5": "a68b8b9985624e9513e03fcf5064d5e7",
            "output_path": "./greet.zip",
            "output_sha": "17a4ede4a2eba34872fb6fd880451c3b96d56786",
            "output_size": 248,
            "source": [],
            "source_content": null,
            "source_content_filename": null,
            "source_dir": "./greet",
            "source_file": null,
            "type": "zip"
          }
        }
      ]
    },
    {
      "mode": "managed",
      "type": "aws_cloudwatch_log_group",
      "name": "greet_lambda",
      "provider": "provider[\"registry.terraform.io/hashicorp/aws\"]",
      "instances": []
    },
    {
      "mode": "managed",
      "type": "aws_iam_role_policy_attachment",
      "name": "lambda_policy",
      "provider": "provider[\"registry.terraform.io/hashicorp/aws\"]",
      "instances": []
    },
    {
      "mode": "managed",
      "type": "aws_lambda_function",
      "name": "greet_lambda",
      "provider": "provider[\"registry.terraform.io/hashicorp/aws\"]",
      "instances": []
    },
    {
      "mode": "managed",
      "type": "aws_s3_bucket_object",
      "name": "lambda_greet",
      "provider": "provider[\"registry.terraform.io/hashicorp/aws\"]",
      "instances": [
        {
          "schema_version": 0,
          "attributes": {
            "acl": "private",
            "bucket": "terraform-totos",
            "bucket_key_enabled": false,
            "cache_control": "",
            "content": null,
            "content_base64": null,
            "content_disposition": "",
            "content_encoding": "",
            "content_language": "",
            "content_type": "binary/octet-stream",
            "etag": "a68b8b9985624e9513e03fcf5064d5e7",
            "force_destroy": false,
            "id": "greet.zip",
            "key": "greet.zip",
            "kms_key_id": null,
            "metadata": {},
            "object_lock_legal_hold_status": "",
            "object_lock_mode": "",
            "object_lock_retain_until_date": "",
            "server_side_encryption": "",
            "source": "./greet.zip",
            "source_hash": null,
            "storage_class": "STANDARD",
            "tags": {},
            "tags_all": {},
            "version_id": "5dnuXx_LZAGUuzyXzbISV5Ap68fG7DtF",
            "website_redirect": ""
          },
          "private": "bnVsbA==",
          "dependencies": [
            "data.archive_file.lambda_greet"
          ]
        }
      ]
    }
  ]
}
